
Microsoft Visual Studio Solution File, Format Version 12.00
# Visual Studio Version 17
VisualStudioVersion = 17.2.32630.192
MinimumVisualStudioVersion = 10.0.40219.1
Project("{FAE04EC0-301F-11D3-BF4B-00C04F79EFBC}") = "TwoProcessorsZad", "TwoProcessorsZad.csproj", "{CEB46FDD-D4BD-4A20-B688-9212ACFB063E}"
EndProject
Global
	GlobalSection(SolutionConfigurationPlatforms) = preSolution
		Debug|Any CPU = Debug|Any CPU
		Release|Any CPU = Release|Any CPU
	EndGlobalSection
	GlobalSection(ProjectConfigurationPlatforms) = postSolution
		{CEB46FDD-D4BD-4A20-B688-9212ACFB063E}.Debug|Any CPU.ActiveCfg = Debug|Any CPU
		{CEB46FDD-D4BD-4A20-B688-9212ACFB063E}.Debug|Any CPU.Build.0 = Debug|Any CPU
		{CEB46FDD-D4BD-4A20-B688-9212ACFB063E}.Release|Any CPU.ActiveCfg = Release|Any CPU
		{CEB46FDD-D4BD-4A20-B688-9212ACFB063E}.Release|Any CPU.Build.0 = Release|Any CPU
	EndGlobalSection
	GlobalSection(SolutionProperties) = preSolution
		HideSolutionNode = FALSE
	EndGlobalSection
	GlobalSection(ExtensibilityGlobals) = postSolution
		SolutionGuid = {8F8C6720-9C09-4232-AAC6-8F866DEA177B}
	EndGlobalSection
EndGlobal
